
Microsoft Visual Studio Solution File, Format Version 12.00
# Visual Studio Version 16
VisualStudioVersion = 16.0.29306.81
MinimumVisualStudioVersion = 10.0.40219.1
Project("{FAE04EC0-301F-11D3-BF4B-00C04F79EFBC}") = "Delegates1", "Delegates1\Delegates1.csproj", "{3960D9F9-C403-4F77-8045-C172D8A35544}"
EndProject
Project("{FAE04EC0-301F-11D3-BF4B-00C04F79EFBC}") = "Events", "Events\Events.csproj", "{9977108A-59FA-4B43-9FAD-46FB6AB79A00}"
EndProject
Project("{FAE04EC0-301F-11D3-BF4B-00C04F79EFBC}") = "AnonymousMethods", "AnonymousMethods\AnonymousMethods.csproj", "{E411F8B6-1FC5-4F8C-8DDE-CC367E3EEC02}"
EndProject
Project("{FAE04EC0-301F-11D3-BF4B-00C04F79EFBC}") = "LambdaExpressions", "LambdaExpressions\LambdaExpressions.csproj", "{E7B425E8-225B-4BC8-87A0-BC8018E7FD39}"
EndProject
Project("{FAE04EC0-301F-11D3-BF4B-00C04F79EFBC}") = "Funcs", "Funcs\Funcs.csproj", "{5A611691-E018-44C3-8DDF-04F8A0B450F5}"
EndProject
Project("{FAE04EC0-301F-11D3-BF4B-00C04F79EFBC}") = "Actions", "Actions\Actions.csproj", "{83F0A2A9-B456-4D9E-9F2B-52067E21B3C2}"
EndProject
Project("{FAE04EC0-301F-11D3-BF4B-00C04F79EFBC}") = "Predicates", "Predicate\Predicates.csproj", "{4C0D8E64-7030-4991-8F9E-10175E1DCC7A}"
EndProject
Global
	GlobalSection(SolutionConfigurationPlatforms) = preSolution
		Debug|Any CPU = Debug|Any CPU
		Release|Any CPU = Release|Any CPU
	EndGlobalSection
	GlobalSection(ProjectConfigurationPlatforms) = postSolution
		{3960D9F9-C403-4F77-8045-C172D8A35544}.Debug|Any CPU.ActiveCfg = Debug|Any CPU
		{3960D9F9-C403-4F77-8045-C172D8A35544}.Debug|Any CPU.Build.0 = Debug|Any CPU
		{3960D9F9-C403-4F77-8045-C172D8A35544}.Release|Any CPU.ActiveCfg = Release|Any CPU
		{3960D9F9-C403-4F77-8045-C172D8A35544}.Release|Any CPU.Build.0 = Release|Any CPU
		{9977108A-59FA-4B43-9FAD-46FB6AB79A00}.Debug|Any CPU.ActiveCfg = Debug|Any CPU
		{9977108A-59FA-4B43-9FAD-46FB6AB79A00}.Debug|Any CPU.Build.0 = Debug|Any CPU
		{9977108A-59FA-4B43-9FAD-46FB6AB79A00}.Release|Any CPU.ActiveCfg = Release|Any CPU
		{9977108A-59FA-4B43-9FAD-46FB6AB79A00}.Release|Any CPU.Build.0 = Release|Any CPU
		{E411F8B6-1FC5-4F8C-8DDE-CC367E3EEC02}.Debug|Any CPU.ActiveCfg = Debug|Any CPU
		{E411F8B6-1FC5-4F8C-8DDE-CC367E3EEC02}.Debug|Any CPU.Build.0 = Debug|Any CPU
		{E411F8B6-1FC5-4F8C-8DDE-CC367E3EEC02}.Release|Any CPU.ActiveCfg = Release|Any CPU
		{E411F8B6-1FC5-4F8C-8DDE-CC367E3EEC02}.Release|Any CPU.Build.0 = Release|Any CPU
		{E7B425E8-225B-4BC8-87A0-BC8018E7FD39}.Debug|Any CPU.ActiveCfg = Debug|Any CPU
		{E7B425E8-225B-4BC8-87A0-BC8018E7FD39}.Debug|Any CPU.Build.0 = Debug|Any CPU
		{E7B425E8-225B-4BC8-87A0-BC8018E7FD39}.Release|Any CPU.ActiveCfg = Release|Any CPU
		{E7B425E8-225B-4BC8-87A0-BC8018E7FD39}.Release|Any CPU.Build.0 = Release|Any CPU
		{5A611691-E018-44C3-8DDF-04F8A0B450F5}.Debug|Any CPU.ActiveCfg = Debug|Any CPU
		{5A611691-E018-44C3-8DDF-04F8A0B450F5}.Debug|Any CPU.Build.0 = Debug|Any CPU
		{5A611691-E018-44C3-8DDF-04F8A0B450F5}.Release|Any CPU.ActiveCfg = Release|Any CPU
		{5A611691-E018-44C3-8DDF-04F8A0B450F5}.Release|Any CPU.Build.0 = Release|Any CPU
		{83F0A2A9-B456-4D9E-9F2B-52067E21B3C2}.Debug|Any CPU.ActiveCfg = Debug|Any CPU
		{83F0A2A9-B456-4D9E-9F2B-52067E21B3C2}.Debug|Any CPU.Build.0 = Debug|Any CPU
		{83F0A2A9-B456-4D9E-9F2B-52067E21B3C2}.Release|Any CPU.ActiveCfg = Release|Any CPU
		{83F0A2A9-B456-4D9E-9F2B-52067E21B3C2}.Release|Any CPU.Build.0 = Release|Any CPU
		{4C0D8E64-7030-4991-8F9E-10175E1DCC7A}.Debug|Any CPU.ActiveCfg = Debug|Any CPU
		{4C0D8E64-7030-4991-8F9E-10175E1DCC7A}.Debug|Any CPU.Build.0 = Debug|Any CPU
		{4C0D8E64-7030-4991-8F9E-10175E1DCC7A}.Release|Any CPU.ActiveCfg = Release|Any CPU
		{4C0D8E64-7030-4991-8F9E-10175E1DCC7A}.Release|Any CPU.Build.0 = Release|Any CPU
	EndGlobalSection
	GlobalSection(SolutionProperties) = preSolution
		HideSolutionNode = FALSE
	EndGlobalSection
	GlobalSection(ExtensibilityGlobals) = postSolution
		SolutionGuid = {9B0481E3-F77E-4D71-8ED9-E738EB6A4C82}
	EndGlobalSection
EndGlobal
